// !$*UTF8*$!
{
	archiveVersion = 1;
	classes = {
	};
	objectVersion = 46;
	objects = {

/* Begin PBXBuildFile section */
		04ACBF521DC47E130066E4FD /* AppDelegate.swift in Sources */ = {isa = PBXBuildFile; fileRef = 04ACBF511DC47E130066E4FD /* AppDelegate.swift */; };
		04ACBF541DC47E130066E4FD /* ViewController.swift in Sources */ = {isa = PBXBuildFile; fileRef = 04ACBF531DC47E130066E4FD /* ViewController.swift */; };
		04ACBF571DC47E130066E4FD /* Main.storyboard in Resources */ = {isa = PBXBuildFile; fileRef = 04ACBF551DC47E130066E4FD /* Main.storyboard */; };
		04ACBF591DC47E130066E4FD /* Assets.xcassets in Resources */ = {isa = PBXBuildFile; fileRef = 04ACBF581DC47E130066E4FD /* Assets.xcassets */; };
		04ACBF5C1DC47E130066E4FD /* LaunchScreen.storyboard in Resources */ = {isa = PBXBuildFile; fileRef = 04ACBF5A1DC47E130066E4FD /* LaunchScreen.storyboard */; };
/* End PBXBuildFile section */

/* Begin PBXFileReference section */
		04ACBF4E1DC47E130066E4FD /* ZhiBo.app */ = {isa = PBXFileReference; explicitFileType = wrapper.application; includeInIndex = 0; path = ZhiBo.app; sourceTree = BUILT_PRODUCTS_DIR; };
		04ACBF511DC47E130066E4FD /* AppDelegate.swift */ = {isa = PBXFileReference; lastKnownFileType = sourcecode.swift; path = AppDelegate.swift; sourceTree = "<group>"; };
		04ACBF531DC47E130066E4FD /* ViewController.swift */ = {isa = PBXFileReference; lastKnownFileType = sourcecode.swift; path = ViewController.swift; sourceTree = "<group>"; };
		04ACBF561DC47E130066E4FD /* Base */ = {isa = PBXFileReference; lastKnownFileType = file.storyboard; name = Base; path = Base.lproj/Main.storyboard; sourceTree = "<group>"; };
		04ACBF581DC47E130066E4FD /* Assets.xcassets */ = {isa = PBXFileReference; lastKnownFileType = folder.assetcatalog; path = Assets.xcassets; sourceTree = "<group>"; };
		04ACBF5B1DC47E130066E4FD /* Base */ = {isa = PBXFileReference; lastKnownFileType = file.storyboard; name = Base; path = Base.lproj/LaunchScreen.storyboard; sourceTree = "<group>"; };
		04ACBF5D1DC47E130066E4FD /* Info.plist */ = {isa = PBXFileReference; lastKnownFileType = text.plist.xml; path = Info.plist; sourceTree = "<group>"; };
/* End PBXFileReference section */

/* Begin PBXFrameworksBuildPhase section */
		04ACBF4B1DC47E130066E4FD /* Frameworks */ = {
			isa = PBXFrameworksBuildPhase;
			buildActionMask = 2147483647;
			files = (
			);
			runOnlyForDeploymentPostprocessing = 0;
		};
/* End PBXFrameworksBuildPhase section */

/* Begin PBXGroup section */
		04ACBF451DC47E130066E4FD = {
			isa = PBXGroup;
			children = (
				04ACBF501DC47E130066E4FD /* ZhiBo */,
				04ACBF4F1DC47E130066E4FD /* Products */,
			);
			sourceTree = "<group>";
		};
		04ACBF4F1DC47E130066E4FD /* Products */ = {
			isa = PBXGroup;
			children = (
				04ACBF4E1DC47E130066E4FD /* ZhiBo.app */,
			);
			name = Products;
			sourceTree = "<group>";
		};
		04ACBF501DC47E130066E4FD /* ZhiBo */ = {
			isa = PBXGroup;
			children = (
				04ACBF511DC47E130066E4FD /* AppDelegate.swift */,
				04ACBF531DC47E130066E4FD /* ViewController.swift */,
				04ACBF551DC47E130066E4FD /* Main.storyboard */,
				04ACBF581DC47E130066E4FD /* Assets.xcassets */,
				04ACBF5A1DC47E130066E4FD /* LaunchScreen.storyboard */,
				04ACBF5D1DC47E130066E4FD /* Info.plist */,
			);
			path = ZhiBo;
			sourceTree = "<group>";
		};
/* End PBXGroup section */

/* Begin PBXNativeTarget section */
		04ACBF4D1DC47E130066E4FD /* ZhiBo */ = {
			isa = PBXNativeTarget;
			buildConfigurationList = 04ACBF601DC47E130066E4FD /* Build configuration list for PBXNativeTarget "ZhiBo" */;
			buildPhases = (
				04ACBF4A1DC47E130066E4FD /* Sources */,
				04ACBF4B1DC47E130066E4FD /* Frameworks */,
				04ACBF4C1DC47E130066E4FD /* Resources */,
			);
			buildRules = (
			);
			dependencies = (
			);
			name = ZhiBo;
			productName = ZhiBo;
			productReference = 04ACBF4E1DC47E130066E4FD /* ZhiBo.app */;
			productType = "com.apple.product-type.application";
		};
/* End PBXNativeTarget section */

/* Begin PBXProject section */
		04ACBF461DC47E130066E4FD /* Project object */ = {
			isa = PBXProject;
			attributes = {
				LastSwiftUpdateCheck = 0720;
				LastUpgradeCheck = 0720;
				ORGANIZATIONNAME = mac;
				TargetAttributes = {
					04ACBF4D1DC47E130066E4FD = {
						CreatedOnToolsVersion = 7.2;
						DevelopmentTeam = L3CSAV25M3;
					};
				};
			};
			buildConfigurationList = 04ACBF491DC47E130066E4FD /* Build configuration list for PBXProject "ZhiBo" */;
			compatibilityVersion = "Xcode 3.2";
			developmentRegion = English;
			hasScannedForEncodings = 0;
			knownRegions = (
				en,
				Base,
			);
			mainGroup = 04ACBF451DC47E130066E4FD;
			productRefGroup = 04ACBF4F1DC47E130066E4FD /* Products */;
			projectDirPath = "";
			projectRoot = "";
			targets = (
				04ACBF4D1DC47E130066E4FD /* ZhiBo */,
			);
		};
/* End PBXProject section */

/* Begin PBXResourcesBuildPhase section */
		04ACBF4C1DC47E130066E4FD /* Resources */ = {
			isa = PBXResourcesBuildPhase;
			buildActionMask = 2147483647;
			files = (
				04ACBF5C1DC47E130066E4FD /* LaunchScreen.storyboard in Resources */,
				04ACBF591DC47E130066E4FD /* Assets.xcassets in Resources */,
				04ACBF571DC47E130066E4FD /* Main.storyboard in Resources */,
			);
			runOnlyForDeploymentPostprocessing = 0;
		};
/* End PBXResourcesBuildPhase section */

/* Begin PBXSourcesBuildPhase section */
		04ACBF4A1DC47E130066E4FD /* Sources */ = {
			isa = PBXSourcesBuildPhase;
			buildActionMask = 2147483647;
			files = (
				04ACBF541DC47E130066E4FD /* ViewController.swift in Sources */,
				04ACBF521DC47E130066E4FD /* AppDelegate.swift in Sources */,
			);
			runOnlyForDeploymentPostprocessing = 0;
		};
/* End PBXSourcesBuildPhase section */

/* Begin PBXVariantGroup section */
		04ACBF551DC47E130066E4FD /* Main.storyboard */ = {
			isa = PBXVariantGroup;
			children = (
				04ACBF561DC47E130066E4FD /* Base */,
			);
			name = Main.storyboard;
			sourceTree = "<group>";
		};
		04ACBF5A1DC47E130066E4FD /* LaunchScreen.storyboard */ = {
			isa = PBXVariantGroup;
			children = (
				04ACBF5B1DC47E130066E4FD /* Base */,
			);
			name = LaunchScreen.storyboard;
			sourceTree = "<group>";
		};
/* End PBXVariantGroup section */

/* Begin XCBuildConfiguration section */
		04ACBF5E1DC47E130066E4FD /* Debug */ = {
			isa = XCBuildConfiguration;
			buildSettings = {
				ALWAYS_SEARCH_USER_PATHS = NO;
				CLANG_CXX_LANGUAGE_STANDARD = "gnu++0x";
				CLANG_CXX_LIBRARY = "libc++";
				CLANG_ENABLE_MODULES = YES;
				CLANG_ENABLE_OBJC_ARC = YES;
				CLANG_WARN_BOOL_CONVERSION = YES;
				CLANG_WARN_CONSTANT_CONVERSION = YES;
				CLANG_WARN_DIRECT_OBJC_ISA_USAGE = YES_ERROR;
				CLANG_WARN_EMPTY_BODY = YES;
				CLANG_WARN_ENUM_CONVERSION = YES;
				CLANG_WARN_INT_CONVERSION = YES;
				CLANG_WARN_OBJC_ROOT_CLASS = YES_ERROR;
				CLANG_WARN_UNREACHABLE_CODE = YES;
				CLANG_WARN__DUPLICATE_METHOD_MATCH = YES;
				"CODE_SIGN_IDENTITY[sdk=iphoneos*]" = "iPhone Developer";
				COPY_PHASE_STRIP = NO;
				DEBUG_INFORMATION_FORMAT = dwarf;
				ENABLE_STRICT_OBJC_MSGSEND = YES;
				ENABLE_TESTABILITY = YES;
				GCC_C_LANGUAGE_STANDARD = gnu99;
				GCC_DYNAMIC_NO_PIC = NO;
				GCC_NO_COMMON_BLOCKS = YES;
				GCC_OPTIMIZATION_LEVEL = 0;
				GCC_PREPROCESSOR_DEFINITIONS = (
					"DEBUG=1",
					"$(inherited)",
				);
				GCC_WARN_64_TO_32_BIT_CONVERSION = YES;
				GCC_WARN_ABOUT_RETURN_TYPE = YES_ERROR;
				GCC_WARN_UNDECLARED_SELECTOR = YES;
				GCC_WARN_UNINITIALIZED_AUTOS = YES_AGGRESSIVE;
				GCC_WARN_UNUSED_FUNCTION = YES;
				GCC_WARN_UNUSED_VARIABLE = YES;
				IPHONEOS_DEPLOYMENT_TARGET = 9.2;
				MTL_ENABLE_DEBUG_INFO = YES;
				ONLY_ACTIVE_ARCH = YES;
				SDKROOT = iphoneos;
				SWIFT_OPTIMIZATION_LEVEL = "-Onone";
			};
			name = Debug;
		};
		04ACBF5F1DC47E130066E4FD /* Release */ = {
			isa = XCBuildConfiguration;
			buildSettings = {
				ALWAYS_SEARCH_USER_PATHS = NO;
				CLANG_CXX_LANGUAGE_STANDARD = "gnu++0x";
				CLANG_CXX_LIBRARY = "libc++";
				CLANG_ENABLE_MODULES = YES;
				CLANG_ENABLE_OBJC_ARC = YES;
				CLANG_WARN_BOOL_CONVERSION = YES;
				CLANG_WARN_CONSTANT_CONVERSION = YES;
				CLANG_WARN_DIRECT_OBJC_ISA_USAGE = YES_ERROR;
				CLANG_WARN_EMPTY_BODY = YES;
				CLANG_WARN_ENUM_CONVERSION = YES;
				CLANG_WARN_INT_CONVERSION = YES;
				CLANG_WARN_OBJC_ROOT_CLASS = YES_ERROR;
				CLANG_WARN_UNREACHABLE_CODE = YES;
				CLANG_WARN__DUPLICATE_METHOD_MATCH = YES;
				"CODE_SIGN_IDENTITY[sdk=iphoneos*]" = "iPhone Developer";
				COPY_PHASE_STRIP = NO;
				DEBUG_INFORMATION_FORMAT = "dwarf-with-dsym";
				ENABLE_NS_ASSERTIONS = NO;
				ENABLE_STRICT_OBJC_MSGSEND = YES;
				GCC_C_LANGUAGE_STANDARD = gnu99;
				GCC_NO_COMMON_BLOCKS = YES;
				GCC_WARN_64_TO_32_BIT_CONVERSION = YES;
				GCC_WARN_ABOUT_RETURN_TYPE = YES_ERROR;
				GCC_WARN_UNDECLARED_SELECTOR = YES;
				GCC_WARN_UNINITIALIZED_AUTOS = YES_AGGRESSIVE;
				GCC_WARN_UNUSED_FUNCTION = YES;
				GCC_WARN_UNUSED_VARIABLE = YES;
				IPHONEOS_DEPLOYMENT_TARGET = 9.2;
				MTL_ENABLE_DEBUG_INFO = NO;
				SDKROOT = iphoneos;
				VALIDATE_PRODUCT = YES;
			};
			name = Release;
		};
		04ACBF611DC47E130066E4FD /* Debug */ = {
			isa = XCBuildConfiguration;
			buildSettings = {
				ASSETCATALOG_COMPILER_APPICON_NAME = AppIcon;
				INFOPLIST_FILE = ZhiBo/Info.plist;
				LD_RUNPATH_SEARCH_PATHS = "$(inherited) @executable_path/Frameworks";
				PRODUCT_BUNDLE_IDENTIFIER = wxhl.com.ZhiBo;
				PRODUCT_NAME = "$(TARGET_NAME)";
			};
			name = Debug;
		};
		04ACBF621DC47E130066E4FD /* Release */ = {
			isa = XCBuildConfiguration;
			buildSettings = {
				ASSETCATALOG_COMPILER_APPICON_NAME = AppIcon;
				INFOPLIST_FILE = ZhiBo/Info.plist;
				LD_RUNPATH_SEARCH_PATHS = "$(inherited) @executable_path/Frameworks";
				PRODUCT_BUNDLE_IDENTIFIER = wxhl.com.ZhiBo;
				PRODUCT_NAME = "$(TARGET_NAME)";
			};
			name = Release;
		};
/* End XCBuildConfiguration section */

/* Begin XCConfigurationList section */
		04ACBF491DC47E130066E4FD /* Build configuration list for PBXProject "ZhiBo" */ = {
			isa = XCConfigurationList;
			buildConfigurations = (
				04ACBF5E1DC47E130066E4FD /* Debug */,
				04ACBF5F1DC47E130066E4FD /* Release */,
			);
			defaultConfigurationIsVisible = 0;
			defaultConfigurationName = Release;
		};
		04ACBF601DC47E130066E4FD /* Build configuration list for PBXNativeTarget "ZhiBo" */ = {
			isa = XCConfigurationList;
			buildConfigurations = (
				04ACBF611DC47E130066E4FD /* Debug */,
				04ACBF621DC47E130066E4FD /* Release */,
			);
			defaultConfigurationIsVisible = 0;
		};
/* End XCConfigurationList section */
	};
	rootObject = 04ACBF461DC47E130066E4FD /* Project object */;
}
